
Microsoft Visual Studio Solution File, Format Version 12.00
# Visual Studio 15
VisualStudioVersion = 15.0.26730.12
MinimumVisualStudioVersion = 10.0.40219.1
Project("{888888A0-9F3D-457C-B088-3A5042F75D52}") = "OneDriveUploader", "OneDriveUploader\OneDriveUploader.pyproj", "{A8A98E12-1339-4948-8F27-BEEFC6D073BA}"
EndProject
Global
	GlobalSection(SolutionConfigurationPlatforms) = preSolution
		Debug|Any CPU = Debug|Any CPU
		Release|Any CPU = Release|Any CPU
	EndGlobalSection
	GlobalSection(ProjectConfigurationPlatforms) = postSolution
		{A8A98E12-1339-4948-8F27-BEEFC6D073BA}.Debug|Any CPU.ActiveCfg = Debug|Any CPU
		{A8A98E12-1339-4948-8F27-BEEFC6D073BA}.Release|Any CPU.ActiveCfg = Release|Any CPU
	EndGlobalSection
	GlobalSection(SolutionProperties) = preSolution
		HideSolutionNode = FALSE
	EndGlobalSection
	GlobalSection(ExtensibilityGlobals) = postSolution
		SolutionGuid = {6252294C-47F1-4D95-8EFD-4177F7A2C27E}
	EndGlobalSection
EndGlobal
